
Microsoft Visual Studio Solution File, Format Version 12.00
# Visual Studio Version 17
VisualStudioVersion = 17.8.34511.84
MinimumVisualStudioVersion = 10.0.40219.1
Project("{FAE04EC0-301F-11D3-BF4B-00C04F79EFBC}") = "Plotnikov_PR_21_102_DocumentManager", "Plotnikov_PR_21_102_DocumentManager.csproj", "{B877B139-85F4-4B7F-A1B5-D0637D4E6E37}"
EndProject
Global
	GlobalSection(SolutionConfigurationPlatforms) = preSolution
		Debug|Any CPU = Debug|Any CPU
		Release|Any CPU = Release|Any CPU
	EndGlobalSection
	GlobalSection(ProjectConfigurationPlatforms) = postSolution
		{B877B139-85F4-4B7F-A1B5-D0637D4E6E37}.Debug|Any CPU.ActiveCfg = Debug|Any CPU
		{B877B139-85F4-4B7F-A1B5-D0637D4E6E37}.Debug|Any CPU.Build.0 = Debug|Any CPU
		{B877B139-85F4-4B7F-A1B5-D0637D4E6E37}.Release|Any CPU.ActiveCfg = Release|Any CPU
		{B877B139-85F4-4B7F-A1B5-D0637D4E6E37}.Release|Any CPU.Build.0 = Release|Any CPU
	EndGlobalSection
	GlobalSection(SolutionProperties) = preSolution
		HideSolutionNode = FALSE
	EndGlobalSection
	GlobalSection(ExtensibilityGlobals) = postSolution
		SolutionGuid = {CB353D88-D642-4C40-B86A-901211E9AB7C}
	EndGlobalSection
EndGlobal
